
Microsoft Visual Studio Solution File, Format Version 12.00
# Visual Studio 14
VisualStudioVersion = 14.0.24720.0
MinimumVisualStudioVersion = 10.0.40219.1
Project("{FAE04EC0-301F-11D3-BF4B-00C04F79EFBC}") = "CustomerDemo", "CustomerDemo\CustomerDemo.csproj", "{B53C4E53-9A5F-499A-A07F-6A618B9E5979}"
EndProject
Project("{FAE04EC0-301F-11D3-BF4B-00C04F79EFBC}") = "Customer", "Customer\Customer.csproj", "{D5EDF96A-FDD1-4731-8AED-C018FCDE1F30}"
EndProject
Global
	GlobalSection(SolutionConfigurationPlatforms) = preSolution
		Debug|Any CPU = Debug|Any CPU
		Release|Any CPU = Release|Any CPU
	EndGlobalSection
	GlobalSection(ProjectConfigurationPlatforms) = postSolution
		{B53C4E53-9A5F-499A-A07F-6A618B9E5979}.Debug|Any CPU.ActiveCfg = Debug|Any CPU
		{B53C4E53-9A5F-499A-A07F-6A618B9E5979}.Debug|Any CPU.Build.0 = Debug|Any CPU
		{B53C4E53-9A5F-499A-A07F-6A618B9E5979}.Release|Any CPU.ActiveCfg = Release|Any CPU
		{B53C4E53-9A5F-499A-A07F-6A618B9E5979}.Release|Any CPU.Build.0 = Release|Any CPU
		{D5EDF96A-FDD1-4731-8AED-C018FCDE1F30}.Debug|Any CPU.ActiveCfg = Debug|Any CPU
		{D5EDF96A-FDD1-4731-8AED-C018FCDE1F30}.Debug|Any CPU.Build.0 = Debug|Any CPU
		{D5EDF96A-FDD1-4731-8AED-C018FCDE1F30}.Release|Any CPU.ActiveCfg = Release|Any CPU
		{D5EDF96A-FDD1-4731-8AED-C018FCDE1F30}.Release|Any CPU.Build.0 = Release|Any CPU
	EndGlobalSection
	GlobalSection(SolutionProperties) = preSolution
		HideSolutionNode = FALSE
	EndGlobalSection
EndGlobal
